
Microsoft Visual Studio Solution File, Format Version 12.00
# Visual Studio 15
VisualStudioVersion = 15.0.28307.168
MinimumVisualStudioVersion = 10.0.40219.1
Project("{FAE04EC0-301F-11D3-BF4B-00C04F79EFBC}") = "BorderHopping", "BorderHopping\BorderHopping.csproj", "{68F3011D-D48D-424D-9A84-87B515B0C973}"
EndProject
Global
	GlobalSection(SolutionConfigurationPlatforms) = preSolution
		Debug|Any CPU = Debug|Any CPU
		Release|Any CPU = Release|Any CPU
	EndGlobalSection
	GlobalSection(ProjectConfigurationPlatforms) = postSolution
		{68F3011D-D48D-424D-9A84-87B515B0C973}.Debug|Any CPU.ActiveCfg = Debug|Any CPU
		{68F3011D-D48D-424D-9A84-87B515B0C973}.Debug|Any CPU.Build.0 = Debug|Any CPU
		{68F3011D-D48D-424D-9A84-87B515B0C973}.Release|Any CPU.ActiveCfg = Release|Any CPU
		{68F3011D-D48D-424D-9A84-87B515B0C973}.Release|Any CPU.Build.0 = Release|Any CPU
	EndGlobalSection
	GlobalSection(SolutionProperties) = preSolution
		HideSolutionNode = FALSE
	EndGlobalSection
	GlobalSection(ExtensibilityGlobals) = postSolution
		SolutionGuid = {3276248F-E4ED-4DC1-B30D-A391578F924E}
	EndGlobalSection
EndGlobal
